
Microsoft Visual Studio Solution File, Format Version 12.00
# Visual Studio Version 16
VisualStudioVersion = 16.0.30114.105
MinimumVisualStudioVersion = 10.0.40219.1
Project("{FAE04EC0-301F-11D3-BF4B-00C04F79EFBC}") = "Client", "Client\Client.csproj", "{2AE9D9C5-28F0-4F5F-91E1-96EF97280D7D}"
EndProject
Global
	GlobalSection(SolutionConfigurationPlatforms) = preSolution
		Debug|Any CPU = Debug|Any CPU
		Debug|x64 = Debug|x64
		Debug|x86 = Debug|x86
		Release|Any CPU = Release|Any CPU
		Release|x64 = Release|x64
		Release|x86 = Release|x86
	EndGlobalSection
	GlobalSection(SolutionProperties) = preSolution
		HideSolutionNode = FALSE
	EndGlobalSection
	GlobalSection(ProjectConfigurationPlatforms) = postSolution
		{834BB170-8931-4F6C-931F-5EFA8D384441}.Debug|Any CPU.ActiveCfg = Debug|Any CPU
		{834BB170-8931-4F6C-931F-5EFA8D384441}.Debug|Any CPU.Build.0 = Debug|Any CPU
		{834BB170-8931-4F6C-931F-5EFA8D384441}.Debug|x64.ActiveCfg = Debug|Any CPU
		{834BB170-8931-4F6C-931F-5EFA8D384441}.Debug|x64.Build.0 = Debug|Any CPU
		{834BB170-8931-4F6C-931F-5EFA8D384441}.Debug|x86.ActiveCfg = Debug|Any CPU
		{834BB170-8931-4F6C-931F-5EFA8D384441}.Debug|x86.Build.0 = Debug|Any CPU
		{834BB170-8931-4F6C-931F-5EFA8D384441}.Release|Any CPU.ActiveCfg = Release|Any CPU
		{834BB170-8931-4F6C-931F-5EFA8D384441}.Release|Any CPU.Build.0 = Release|Any CPU
		{834BB170-8931-4F6C-931F-5EFA8D384441}.Release|x64.ActiveCfg = Release|Any CPU
		{834BB170-8931-4F6C-931F-5EFA8D384441}.Release|x64.Build.0 = Release|Any CPU
		{834BB170-8931-4F6C-931F-5EFA8D384441}.Release|x86.ActiveCfg = Release|Any CPU
		{834BB170-8931-4F6C-931F-5EFA8D384441}.Release|x86.Build.0 = Release|Any CPU
		{2AE9D9C5-28F0-4F5F-91E1-96EF97280D7D}.Debug|Any CPU.ActiveCfg = Debug|Any CPU
		{2AE9D9C5-28F0-4F5F-91E1-96EF97280D7D}.Debug|Any CPU.Build.0 = Debug|Any CPU
		{2AE9D9C5-28F0-4F5F-91E1-96EF97280D7D}.Debug|x64.ActiveCfg = Debug|Any CPU
		{2AE9D9C5-28F0-4F5F-91E1-96EF97280D7D}.Debug|x64.Build.0 = Debug|Any CPU
		{2AE9D9C5-28F0-4F5F-91E1-96EF97280D7D}.Debug|x86.ActiveCfg = Debug|Any CPU
		{2AE9D9C5-28F0-4F5F-91E1-96EF97280D7D}.Debug|x86.Build.0 = Debug|Any CPU
		{2AE9D9C5-28F0-4F5F-91E1-96EF97280D7D}.Release|Any CPU.ActiveCfg = Release|Any CPU
		{2AE9D9C5-28F0-4F5F-91E1-96EF97280D7D}.Release|Any CPU.Build.0 = Release|Any CPU
		{2AE9D9C5-28F0-4F5F-91E1-96EF97280D7D}.Release|x64.ActiveCfg = Release|Any CPU
		{2AE9D9C5-28F0-4F5F-91E1-96EF97280D7D}.Release|x64.Build.0 = Release|Any CPU
		{2AE9D9C5-28F0-4F5F-91E1-96EF97280D7D}.Release|x86.ActiveCfg = Release|Any CPU
		{2AE9D9C5-28F0-4F5F-91E1-96EF97280D7D}.Release|x86.Build.0 = Release|Any CPU
		{45BC8EF4-58BA-4E3A-9C77-5B4FE0499D5D}.Debug|Any CPU.ActiveCfg = Debug|Any CPU
		{45BC8EF4-58BA-4E3A-9C77-5B4FE0499D5D}.Debug|Any CPU.Build.0 = Debug|Any CPU
		{45BC8EF4-58BA-4E3A-9C77-5B4FE0499D5D}.Debug|x64.ActiveCfg = Debug|Any CPU
		{45BC8EF4-58BA-4E3A-9C77-5B4FE0499D5D}.Debug|x64.Build.0 = Debug|Any CPU
		{45BC8EF4-58BA-4E3A-9C77-5B4FE0499D5D}.Debug|x86.ActiveCfg = Debug|Any CPU
		{45BC8EF4-58BA-4E3A-9C77-5B4FE0499D5D}.Debug|x86.Build.0 = Debug|Any CPU
		{45BC8EF4-58BA-4E3A-9C77-5B4FE0499D5D}.Release|Any CPU.ActiveCfg = Release|Any CPU
		{45BC8EF4-58BA-4E3A-9C77-5B4FE0499D5D}.Release|Any CPU.Build.0 = Release|Any CPU
		{45BC8EF4-58BA-4E3A-9C77-5B4FE0499D5D}.Release|x64.ActiveCfg = Release|Any CPU
		{45BC8EF4-58BA-4E3A-9C77-5B4FE0499D5D}.Release|x64.Build.0 = Release|Any CPU
		{45BC8EF4-58BA-4E3A-9C77-5B4FE0499D5D}.Release|x86.ActiveCfg = Release|Any CPU
		{45BC8EF4-58BA-4E3A-9C77-5B4FE0499D5D}.Release|x86.Build.0 = Release|Any CPU
	EndGlobalSection
EndGlobal
