{
  "name": "mongodb-scripts",
  "version": "1.0.0",
  "lockfileVersion": 3,
  "requires": true,
  "packages": {
    "": {
      "name": "mongodb-scripts",
      "dependencies": {
        "@faker-js/faker": "^9.6.0"
      }
    },
    "node_modules/@faker-js/faker": {
      "version": "9.6.0",
      "resolved": "https://registry.npmjs.org/@faker-js/faker/-/faker-9.6.0.tgz",
      "integrity": "sha512-3vm4by+B5lvsFPSyep3ELWmZfE3kicDtmemVpuwl1yH7tqtnHdsA6hG8fbXedMVdkzgtvzWoRgjSB4Q+FHnZiw==",
      "funding": [
        {
          "type": "opencollective",
          "url": "https://opencollective.com/fakerjs"
        }
      ],
      "license": "MIT",
      "engines": {
        "node": ">=18.0.0",
        "npm": ">=9.0.0"
      }
    }
  }
}
